
Microsoft Visual Studio Solution File, Format Version 12.00
# Visual Studio Version 17
VisualStudioVersion = 17.11.35327.3
MinimumVisualStudioVersion = 10.0.40219.1
Project("{FAE04EC0-301F-11D3-BF4B-00C04F79EFBC}") = "HypotenuseCalculatorProgram", "HypotenuseCalculatorProgram\HypotenuseCalculatorProgram.csproj", "{1936E981-48E9-423D-ACC6-7E54B58DB8BF}"
EndProject
Global
	GlobalSection(SolutionConfigurationPlatforms) = preSolution
		Debug|Any CPU = Debug|Any CPU
		Release|Any CPU = Release|Any CPU
	EndGlobalSection
	GlobalSection(ProjectConfigurationPlatforms) = postSolution
		{1936E981-48E9-423D-ACC6-7E54B58DB8BF}.Debug|Any CPU.ActiveCfg = Debug|Any CPU
		{1936E981-48E9-423D-ACC6-7E54B58DB8BF}.Debug|Any CPU.Build.0 = Debug|Any CPU
		{1936E981-48E9-423D-ACC6-7E54B58DB8BF}.Release|Any CPU.ActiveCfg = Release|Any CPU
		{1936E981-48E9-423D-ACC6-7E54B58DB8BF}.Release|Any CPU.Build.0 = Release|Any CPU
	EndGlobalSection
	GlobalSection(SolutionProperties) = preSolution
		HideSolutionNode = FALSE
	EndGlobalSection
	GlobalSection(ExtensibilityGlobals) = postSolution
		SolutionGuid = {C7AEB23F-7ABC-4A97-A776-CCC39F78AB18}
	EndGlobalSection
EndGlobal
