
Microsoft Visual Studio Solution File, Format Version 12.00
# Visual Studio Version 17
VisualStudioVersion = 17.11.35327.3
MinimumVisualStudioVersion = 10.0.40219.1
Project("{FAE04EC0-301F-11D3-BF4B-00C04F79EFBC}") = "AccessGate", "AccessGate\AccessGate.csproj", "{7DC9FBBA-CBA4-4997-B606-B050CC9479ED}"
EndProject
Global
	GlobalSection(SolutionConfigurationPlatforms) = preSolution
		Debug|Any CPU = Debug|Any CPU
		Release|Any CPU = Release|Any CPU
	EndGlobalSection
	GlobalSection(ProjectConfigurationPlatforms) = postSolution
		{7DC9FBBA-CBA4-4997-B606-B050CC9479ED}.Debug|Any CPU.ActiveCfg = Debug|Any CPU
		{7DC9FBBA-CBA4-4997-B606-B050CC9479ED}.Debug|Any CPU.Build.0 = Debug|Any CPU
		{7DC9FBBA-CBA4-4997-B606-B050CC9479ED}.Release|Any CPU.ActiveCfg = Release|Any CPU
		{7DC9FBBA-CBA4-4997-B606-B050CC9479ED}.Release|Any CPU.Build.0 = Release|Any CPU
	EndGlobalSection
	GlobalSection(SolutionProperties) = preSolution
		HideSolutionNode = FALSE
	EndGlobalSection
	GlobalSection(ExtensibilityGlobals) = postSolution
		SolutionGuid = {F232A97B-B427-45F7-962D-08B8FAC70C9F}
	EndGlobalSection
EndGlobal
